
Microsoft Visual Studio Solution File, Format Version 12.00
# Visual Studio Version 16
VisualStudioVersion = 16.0.30204.135
MinimumVisualStudioVersion = 10.0.40219.1
Project("{FAE04EC0-301F-11D3-BF4B-00C04F79EFBC}") = "WpfLesson9", "WpfLesson9\WpfLesson9.csproj", "{638731CA-A7BA-4762-AFEF-BBC7DC7D4B7A}"
EndProject
Global
	GlobalSection(SolutionConfigurationPlatforms) = preSolution
		Debug|Any CPU = Debug|Any CPU
		Release|Any CPU = Release|Any CPU
	EndGlobalSection
	GlobalSection(ProjectConfigurationPlatforms) = postSolution
		{638731CA-A7BA-4762-AFEF-BBC7DC7D4B7A}.Debug|Any CPU.ActiveCfg = Debug|Any CPU
		{638731CA-A7BA-4762-AFEF-BBC7DC7D4B7A}.Debug|Any CPU.Build.0 = Debug|Any CPU
		{638731CA-A7BA-4762-AFEF-BBC7DC7D4B7A}.Release|Any CPU.ActiveCfg = Release|Any CPU
		{638731CA-A7BA-4762-AFEF-BBC7DC7D4B7A}.Release|Any CPU.Build.0 = Release|Any CPU
	EndGlobalSection
	GlobalSection(SolutionProperties) = preSolution
		HideSolutionNode = FALSE
	EndGlobalSection
	GlobalSection(ExtensibilityGlobals) = postSolution
		SolutionGuid = {519B964B-1215-4F0A-A372-42BD81AEE8BE}
	EndGlobalSection
EndGlobal
